
Microsoft Visual Studio Solution File, Format Version 12.00
# Visual Studio Version 17
VisualStudioVersion = 17.10.34916.146
MinimumVisualStudioVersion = 10.0.40219.1
Project("{888888A0-9F3D-457C-B088-3A5042F75D52}") = "Whisper", "Whisper\Whisper.pyproj", "{B59F4103-12A1-4147-A04C-1DA989237C9B}"
EndProject
Global
	GlobalSection(SolutionConfigurationPlatforms) = preSolution
		Debug|Any CPU = Debug|Any CPU
		Release|Any CPU = Release|Any CPU
	EndGlobalSection
	GlobalSection(ProjectConfigurationPlatforms) = postSolution
		{B59F4103-12A1-4147-A04C-1DA989237C9B}.Debug|Any CPU.ActiveCfg = Debug|Any CPU
		{B59F4103-12A1-4147-A04C-1DA989237C9B}.Release|Any CPU.ActiveCfg = Release|Any CPU
	EndGlobalSection
	GlobalSection(SolutionProperties) = preSolution
		HideSolutionNode = FALSE
	EndGlobalSection
	GlobalSection(ExtensibilityGlobals) = postSolution
		SolutionGuid = {3F5470CC-756D-43E8-9C68-9A381ED78EF5}
	EndGlobalSection
EndGlobal
